// !$*UTF8*$!
{
	archiveVersion = 1;
	classes = {
	};
	objectVersion = 50;
	objects = {

/* Begin PBXBuildFile section */
		52AA3472258264E300A61F23 /* AppDelegate.swift in Sources */ = {isa = PBXBuildFile; fileRef = 52AA3471258264E300A61F23 /* AppDelegate.swift */; };
		52AA3476258264E300A61F23 /* MainViewController.swift in Sources */ = {isa = PBXBuildFile; fileRef = 52AA3475258264E300A61F23 /* MainViewController.swift */; };
		52AA3479258264E300A61F23 /* Main.storyboard in Resources */ = {isa = PBXBuildFile; fileRef = 52AA3477258264E300A61F23 /* Main.storyboard */; };
		52AA347B258264E700A61F23 /* Assets.xcassets in Resources */ = {isa = PBXBuildFile; fileRef = 52AA347A258264E700A61F23 /* Assets.xcassets */; };
		52AA347E258264E700A61F23 /* LaunchScreen.storyboard in Resources */ = {isa = PBXBuildFile; fileRef = 52AA347C258264E700A61F23 /* LaunchScreen.storyboard */; };
		52AA3489258264E800A61F23 /* EJUnsplashTests.swift in Sources */ = {isa = PBXBuildFile; fileRef = 52AA3488258264E800A61F23 /* EJUnsplashTests.swift */; };
		52AA34B92582683B00A61F23 /* MainViewControllerTests.swift in Sources */ = {isa = PBXBuildFile; fileRef = 52AA34B82582683B00A61F23 /* MainViewControllerTests.swift */; };
		52AA34BD2582689300A61F23 /* MainViewController+Test.swift in Sources */ = {isa = PBXBuildFile; fileRef = 52AA34BC2582689300A61F23 /* MainViewController+Test.swift */; };
		52AA34C225826F2000A61F23 /* StickyHeaderView.swift in Sources */ = {isa = PBXBuildFile; fileRef = 52AA34C125826F1F00A61F23 /* StickyHeaderView.swift */; };
		52AA34CD25827C9900A61F23 /* StickyHeaderViewTests.swift in Sources */ = {isa = PBXBuildFile; fileRef = 52AA34CC25827C9900A61F23 /* StickyHeaderViewTests.swift */; };
/* End PBXBuildFile section */

/* Begin PBXContainerItemProxy section */
		52AA3485258264E800A61F23 /* PBXContainerItemProxy */ = {
			isa = PBXContainerItemProxy;
			containerPortal = 52AA3466258264E300A61F23 /* Project object */;
			proxyType = 1;
			remoteGlobalIDString = 52AA346D258264E300A61F23;
			remoteInfo = EJUnsplash;
		};
/* End PBXContainerItemProxy section */

/* Begin PBXFileReference section */
		52AA346E258264E300A61F23 /* EJUnsplash.app */ = {isa = PBXFileReference; explicitFileType = wrapper.application; includeInIndex = 0; path = EJUnsplash.app; sourceTree = BUILT_PRODUCTS_DIR; };
		52AA3471258264E300A61F23 /* AppDelegate.swift */ = {isa = PBXFileReference; lastKnownFileType = sourcecode.swift; path = AppDelegate.swift; sourceTree = "<group>"; };
		52AA3475258264E300A61F23 /* MainViewController.swift */ = {isa = PBXFileReference; lastKnownFileType = sourcecode.swift; path = MainViewController.swift; sourceTree = "<group>"; };
		52AA3478258264E300A61F23 /* Base */ = {isa = PBXFileReference; lastKnownFileType = file.storyboard; name = Base; path = Base.lproj/Main.storyboard; sourceTree = "<group>"; };
		52AA347A258264E700A61F23 /* Assets.xcassets */ = {isa = PBXFileReference; lastKnownFileType = folder.assetcatalog; path = Assets.xcassets; sourceTree = "<group>"; };
		52AA347D258264E700A61F23 /* Base */ = {isa = PBXFileReference; lastKnownFileType = file.storyboard; name = Base; path = Base.lproj/LaunchScreen.storyboard; sourceTree = "<group>"; };
		52AA347F258264E700A61F23 /* Info.plist */ = {isa = PBXFileReference; lastKnownFileType = text.plist.xml; path = Info.plist; sourceTree = "<group>"; };
		52AA3484258264E800A61F23 /* EJUnsplashTests.xctest */ = {isa = PBXFileReference; explicitFileType = wrapper.cfbundle; includeInIndex = 0; path = EJUnsplashTests.xctest; sourceTree = BUILT_PRODUCTS_DIR; };
		52AA3488258264E800A61F23 /* EJUnsplashTests.swift */ = {isa = PBXFileReference; lastKnownFileType = sourcecode.swift; path = EJUnsplashTests.swift; sourceTree = "<group>"; };
		52AA348A258264E800A61F23 /* Info.plist */ = {isa = PBXFileReference; lastKnownFileType = text.plist.xml; path = Info.plist; sourceTree = "<group>"; };
		52AA34B82582683B00A61F23 /* MainViewControllerTests.swift */ = {isa = PBXFileReference; lastKnownFileType = sourcecode.swift; path = MainViewControllerTests.swift; sourceTree = "<group>"; };
		52AA34BC2582689300A61F23 /* MainViewController+Test.swift */ = {isa = PBXFileReference; lastKnownFileType = sourcecode.swift; path = "MainViewController+Test.swift"; sourceTree = "<group>"; };
		52AA34C125826F1F00A61F23 /* StickyHeaderView.swift */ = {isa = PBXFileReference; lastKnownFileType = sourcecode.swift; path = StickyHeaderView.swift; sourceTree = "<group>"; };
		52AA34CC25827C9900A61F23 /* StickyHeaderViewTests.swift */ = {isa = PBXFileReference; lastKnownFileType = sourcecode.swift; path = StickyHeaderViewTests.swift; sourceTree = "<group>"; };
/* End PBXFileReference section */

/* Begin PBXFrameworksBuildPhase section */
		52AA346B258264E300A61F23 /* Frameworks */ = {
			isa = PBXFrameworksBuildPhase;
			buildActionMask = 2147483647;
			files = (
			);
			runOnlyForDeploymentPostprocessing = 0;
		};
		52AA3481258264E800A61F23 /* Frameworks */ = {
			isa = PBXFrameworksBuildPhase;
			buildActionMask = 2147483647;
			files = (
			);
			runOnlyForDeploymentPostprocessing = 0;
		};
/* End PBXFrameworksBuildPhase section */

/* Begin PBXGroup section */
		52AA3465258264E300A61F23 = {
			isa = PBXGroup;
			children = (
				52AA3470258264E300A61F23 /* EJUnsplash */,
				52AA3487258264E800A61F23 /* EJUnsplashTests */,
				52AA346F258264E300A61F23 /* Products */,
			);
			sourceTree = "<group>";
		};
		52AA346F258264E300A61F23 /* Products */ = {
			isa = PBXGroup;
			children = (
				52AA346E258264E300A61F23 /* EJUnsplash.app */,
				52AA3484258264E800A61F23 /* EJUnsplashTests.xctest */,
			);
			name = Products;
			sourceTree = "<group>";
		};
		52AA3470258264E300A61F23 /* EJUnsplash */ = {
			isa = PBXGroup;
			children = (
				52AA34C72582755B00A61F23 /* Controllers */,
				52AA34C025826F0500A61F23 /* Views */,
				52AA3471258264E300A61F23 /* AppDelegate.swift */,
				52AA3477258264E300A61F23 /* Main.storyboard */,
				52AA347A258264E700A61F23 /* Assets.xcassets */,
				52AA347C258264E700A61F23 /* LaunchScreen.storyboard */,
				52AA347F258264E700A61F23 /* Info.plist */,
			);
			path = EJUnsplash;
			sourceTree = "<group>";
		};
		52AA3487258264E800A61F23 /* EJUnsplashTests */ = {
			isa = PBXGroup;
			children = (
				52AA34C82582757700A61F23 /* Contollers */,
				52AA34CB25827C6C00A61F23 /* Views */,
				52AA3488258264E800A61F23 /* EJUnsplashTests.swift */,
				52AA348A258264E800A61F23 /* Info.plist */,
				52AA34BC2582689300A61F23 /* MainViewController+Test.swift */,
			);
			path = EJUnsplashTests;
			sourceTree = "<group>";
		};
		52AA34C025826F0500A61F23 /* Views */ = {
			isa = PBXGroup;
			children = (
				52AA34C125826F1F00A61F23 /* StickyHeaderView.swift */,
			);
			path = Views;
			sourceTree = "<group>";
		};
		52AA34C72582755B00A61F23 /* Controllers */ = {
			isa = PBXGroup;
			children = (
				52AA3475258264E300A61F23 /* MainViewController.swift */,
			);
			path = Controllers;
			sourceTree = "<group>";
		};
		52AA34C82582757700A61F23 /* Contollers */ = {
			isa = PBXGroup;
			children = (
				52AA34B82582683B00A61F23 /* MainViewControllerTests.swift */,
			);
			path = Contollers;
			sourceTree = "<group>";
		};
		52AA34CB25827C6C00A61F23 /* Views */ = {
			isa = PBXGroup;
			children = (
				52AA34CC25827C9900A61F23 /* StickyHeaderViewTests.swift */,
			);
			path = Views;
			sourceTree = "<group>";
		};
/* End PBXGroup section */

/* Begin PBXNativeTarget section */
		52AA346D258264E300A61F23 /* EJUnsplash */ = {
			isa = PBXNativeTarget;
			buildConfigurationList = 52AA3498258264E800A61F23 /* Build configuration list for PBXNativeTarget "EJUnsplash" */;
			buildPhases = (
				52AA346A258264E300A61F23 /* Sources */,
				52AA346B258264E300A61F23 /* Frameworks */,
				52AA346C258264E300A61F23 /* Resources */,
			);
			buildRules = (
			);
			dependencies = (
			);
			name = EJUnsplash;
			productName = EJUnsplash;
			productReference = 52AA346E258264E300A61F23 /* EJUnsplash.app */;
			productType = "com.apple.product-type.application";
		};
		52AA3483258264E800A61F23 /* EJUnsplashTests */ = {
			isa = PBXNativeTarget;
			buildConfigurationList = 52AA349B258264E800A61F23 /* Build configuration list for PBXNativeTarget "EJUnsplashTests" */;
			buildPhases = (
				52AA3480258264E800A61F23 /* Sources */,
				52AA3481258264E800A61F23 /* Frameworks */,
				52AA3482258264E800A61F23 /* Resources */,
			);
			buildRules = (
			);
			dependencies = (
				52AA3486258264E800A61F23 /* PBXTargetDependency */,
			);
			name = EJUnsplashTests;
			productName = EJUnsplashTests;
			productReference = 52AA3484258264E800A61F23 /* EJUnsplashTests.xctest */;
			productType = "com.apple.product-type.bundle.unit-test";
		};
/* End PBXNativeTarget section */

/* Begin PBXProject section */
		52AA3466258264E300A61F23 /* Project object */ = {
			isa = PBXProject;
			attributes = {
				LastSwiftUpdateCheck = 1220;
				LastUpgradeCheck = 1220;
				TargetAttributes = {
					52AA346D258264E300A61F23 = {
						CreatedOnToolsVersion = 12.2;
					};
					52AA3483258264E800A61F23 = {
						CreatedOnToolsVersion = 12.2;
						TestTargetID = 52AA346D258264E300A61F23;
					};
				};
			};
			buildConfigurationList = 52AA3469258264E300A61F23 /* Build configuration list for PBXProject "EJUnsplash" */;
			compatibilityVersion = "Xcode 9.3";
			developmentRegion = en;
			hasScannedForEncodings = 0;
			knownRegions = (
				en,
				Base,
			);
			mainGroup = 52AA3465258264E300A61F23;
			productRefGroup = 52AA346F258264E300A61F23 /* Products */;
			projectDirPath = "";
			projectRoot = "";
			targets = (
				52AA346D258264E300A61F23 /* EJUnsplash */,
				52AA3483258264E800A61F23 /* EJUnsplashTests */,
			);
		};
/* End PBXProject section */

/* Begin PBXResourcesBuildPhase section */
		52AA346C258264E300A61F23 /* Resources */ = {
			isa = PBXResourcesBuildPhase;
			buildActionMask = 2147483647;
			files = (
				52AA347E258264E700A61F23 /* LaunchScreen.storyboard in Resources */,
				52AA347B258264E700A61F23 /* Assets.xcassets in Resources */,
				52AA3479258264E300A61F23 /* Main.storyboard in Resources */,
			);
			runOnlyForDeploymentPostprocessing = 0;
		};
		52AA3482258264E800A61F23 /* Resources */ = {
			isa = PBXResourcesBuildPhase;
			buildActionMask = 2147483647;
			files = (
			);
			runOnlyForDeploymentPostprocessing = 0;
		};
/* End PBXResourcesBuildPhase section */

/* Begin PBXSourcesBuildPhase section */
		52AA346A258264E300A61F23 /* Sources */ = {
			isa = PBXSourcesBuildPhase;
			buildActionMask = 2147483647;
			files = (
				52AA3476258264E300A61F23 /* MainViewController.swift in Sources */,
				52AA34C225826F2000A61F23 /* StickyHeaderView.swift in Sources */,
				52AA3472258264E300A61F23 /* AppDelegate.swift in Sources */,
			);
			runOnlyForDeploymentPostprocessing = 0;
		};
		52AA3480258264E800A61F23 /* Sources */ = {
			isa = PBXSourcesBuildPhase;
			buildActionMask = 2147483647;
			files = (
				52AA34CD25827C9900A61F23 /* StickyHeaderViewTests.swift in Sources */,
				52AA34BD2582689300A61F23 /* MainViewController+Test.swift in Sources */,
				52AA3489258264E800A61F23 /* EJUnsplashTests.swift in Sources */,
				52AA34B92582683B00A61F23 /* MainViewControllerTests.swift in Sources */,
			);
			runOnlyForDeploymentPostprocessing = 0;
		};
/* End PBXSourcesBuildPhase section */

/* Begin PBXTargetDependency section */
		52AA3486258264E800A61F23 /* PBXTargetDependency */ = {
			isa = PBXTargetDependency;
			target = 52AA346D258264E300A61F23 /* EJUnsplash */;
			targetProxy = 52AA3485258264E800A61F23 /* PBXContainerItemProxy */;
		};
/* End PBXTargetDependency section */

/* Begin PBXVariantGroup section */
		52AA3477258264E300A61F23 /* Main.storyboard */ = {
			isa = PBXVariantGroup;
			children = (
				52AA3478258264E300A61F23 /* Base */,
			);
			name = Main.storyboard;
			sourceTree = "<group>";
		};
		52AA347C258264E700A61F23 /* LaunchScreen.storyboard */ = {
			isa = PBXVariantGroup;
			children = (
				52AA347D258264E700A61F23 /* Base */,
			);
			name = LaunchScreen.storyboard;
			sourceTree = "<group>";
		};
/* End PBXVariantGroup section */

/* Begin XCBuildConfiguration section */
		52AA3496258264E800A61F23 /* Debug */ = {
			isa = XCBuildConfiguration;
			buildSettings = {
				ALWAYS_SEARCH_USER_PATHS = NO;
				CLANG_ANALYZER_NONNULL = YES;
				CLANG_ANALYZER_NUMBER_OBJECT_CONVERSION = YES_AGGRESSIVE;
				CLANG_CXX_LANGUAGE_STANDARD = "gnu++14";
				CLANG_CXX_LIBRARY = "libc++";
				CLANG_ENABLE_MODULES = YES;
				CLANG_ENABLE_OBJC_ARC = YES;
				CLANG_ENABLE_OBJC_WEAK = YES;
				CLANG_WARN_BLOCK_CAPTURE_AUTORELEASING = YES;
				CLANG_WARN_BOOL_CONVERSION = YES;
				CLANG_WARN_COMMA = YES;
				CLANG_WARN_CONSTANT_CONVERSION = YES;
				CLANG_WARN_DEPRECATED_OBJC_IMPLEMENTATIONS = YES;
				CLANG_WARN_DIRECT_OBJC_ISA_USAGE = YES_ERROR;
				CLANG_WARN_DOCUMENTATION_COMMENTS = YES;
				CLANG_WARN_EMPTY_BODY = YES;
				CLANG_WARN_ENUM_CONVERSION = YES;
				CLANG_WARN_INFINITE_RECURSION = YES;
				CLANG_WARN_INT_CONVERSION = YES;
				CLANG_WARN_NON_LITERAL_NULL_CONVERSION = YES;
				CLANG_WARN_OBJC_IMPLICIT_RETAIN_SELF = YES;
				CLANG_WARN_OBJC_LITERAL_CONVERSION = YES;
				CLANG_WARN_OBJC_ROOT_CLASS = YES_ERROR;
				CLANG_WARN_QUOTED_INCLUDE_IN_FRAMEWORK_HEADER = YES;
				CLANG_WARN_RANGE_LOOP_ANALYSIS = YES;
				CLANG_WARN_STRICT_PROTOTYPES = YES;
				CLANG_WARN_SUSPICIOUS_MOVE = YES;
				CLANG_WARN_UNGUARDED_AVAILABILITY = YES_AGGRESSIVE;
				CLANG_WARN_UNREACHABLE_CODE = YES;
				CLANG_WARN__DUPLICATE_METHOD_MATCH = YES;
				COPY_PHASE_STRIP = NO;
				DEBUG_INFORMATION_FORMAT = dwarf;
				ENABLE_STRICT_OBJC_MSGSEND = YES;
				ENABLE_TESTABILITY = YES;
				GCC_C_LANGUAGE_STANDARD = gnu11;
				GCC_DYNAMIC_NO_PIC = NO;
				GCC_NO_COMMON_BLOCKS = YES;
				GCC_OPTIMIZATION_LEVEL = 0;
				GCC_PREPROCESSOR_DEFINITIONS = (
					"DEBUG=1",
					"$(inherited)",
				);
				GCC_WARN_64_TO_32_BIT_CONVERSION = YES;
				GCC_WARN_ABOUT_RETURN_TYPE = YES_ERROR;
				GCC_WARN_UNDECLARED_SELECTOR = YES;
				GCC_WARN_UNINITIALIZED_AUTOS = YES_AGGRESSIVE;
				GCC_WARN_UNUSED_FUNCTION = YES;
				GCC_WARN_UNUSED_VARIABLE = YES;
				IPHONEOS_DEPLOYMENT_TARGET = 12.0;
				MTL_ENABLE_DEBUG_INFO = INCLUDE_SOURCE;
				MTL_FAST_MATH = YES;
				ONLY_ACTIVE_ARCH = YES;
				SDKROOT = iphoneos;
				SWIFT_ACTIVE_COMPILATION_CONDITIONS = DEBUG;
				SWIFT_OPTIMIZATION_LEVEL = "-Onone";
			};
			name = Debug;
		};
		52AA3497258264E800A61F23 /* Release */ = {
			isa = XCBuildConfiguration;
			buildSettings = {
				ALWAYS_SEARCH_USER_PATHS = NO;
				CLANG_ANALYZER_NONNULL = YES;
				CLANG_ANALYZER_NUMBER_OBJECT_CONVERSION = YES_AGGRESSIVE;
				CLANG_CXX_LANGUAGE_STANDARD = "gnu++14";
				CLANG_CXX_LIBRARY = "libc++";
				CLANG_ENABLE_MODULES = YES;
				CLANG_ENABLE_OBJC_ARC = YES;
				CLANG_ENABLE_OBJC_WEAK = YES;
				CLANG_WARN_BLOCK_CAPTURE_AUTORELEASING = YES;
				CLANG_WARN_BOOL_CONVERSION = YES;
				CLANG_WARN_COMMA = YES;
				CLANG_WARN_CONSTANT_CONVERSION = YES;
				CLANG_WARN_DEPRECATED_OBJC_IMPLEMENTATIONS = YES;
				CLANG_WARN_DIRECT_OBJC_ISA_USAGE = YES_ERROR;
				CLANG_WARN_DOCUMENTATION_COMMENTS = YES;
				CLANG_WARN_EMPTY_BODY = YES;
				CLANG_WARN_ENUM_CONVERSION = YES;
				CLANG_WARN_INFINITE_RECURSION = YES;
				CLANG_WARN_INT_CONVERSION = YES;
				CLANG_WARN_NON_LITERAL_NULL_CONVERSION = YES;
				CLANG_WARN_OBJC_IMPLICIT_RETAIN_SELF = YES;
				CLANG_WARN_OBJC_LITERAL_CONVERSION = YES;
				CLANG_WARN_OBJC_ROOT_CLASS = YES_ERROR;
				CLANG_WARN_QUOTED_INCLUDE_IN_FRAMEWORK_HEADER = YES;
				CLANG_WARN_RANGE_LOOP_ANALYSIS = YES;
				CLANG_WARN_STRICT_PROTOTYPES = YES;
				CLANG_WARN_SUSPICIOUS_MOVE = YES;
				CLANG_WARN_UNGUARDED_AVAILABILITY = YES_AGGRESSIVE;
				CLANG_WARN_UNREACHABLE_CODE = YES;
				CLANG_WARN__DUPLICATE_METHOD_MATCH = YES;
				COPY_PHASE_STRIP = NO;
				DEBUG_INFORMATION_FORMAT = "dwarf-with-dsym";
				ENABLE_NS_ASSERTIONS = NO;
				ENABLE_STRICT_OBJC_MSGSEND = YES;
				GCC_C_LANGUAGE_STANDARD = gnu11;
				GCC_NO_COMMON_BLOCKS = YES;
				GCC_WARN_64_TO_32_BIT_CONVERSION = YES;
				GCC_WARN_ABOUT_RETURN_TYPE = YES_ERROR;
				GCC_WARN_UNDECLARED_SELECTOR = YES;
				GCC_WARN_UNINITIALIZED_AUTOS = YES_AGGRESSIVE;
				GCC_WARN_UNUSED_FUNCTION = YES;
				GCC_WARN_UNUSED_VARIABLE = YES;
				IPHONEOS_DEPLOYMENT_TARGET = 12.0;
				MTL_ENABLE_DEBUG_INFO = NO;
				MTL_FAST_MATH = YES;
				SDKROOT = iphoneos;
				SWIFT_COMPILATION_MODE = wholemodule;
				SWIFT_OPTIMIZATION_LEVEL = "-O";
				VALIDATE_PRODUCT = YES;
			};
			name = Release;
		};
		52AA3499258264E800A61F23 /* Debug */ = {
			isa = XCBuildConfiguration;
			buildSettings = {
				ASSETCATALOG_COMPILER_APPICON_NAME = AppIcon;
				ASSETCATALOG_COMPILER_GLOBAL_ACCENT_COLOR_NAME = AccentColor;
				CODE_SIGN_STYLE = Automatic;
				DEVELOPMENT_TEAM = 88VJWBTHV2;
				INFOPLIST_FILE = EJUnsplash/Info.plist;
				LD_RUNPATH_SEARCH_PATHS = (
					"$(inherited)",
					"@executable_path/Frameworks",
				);
				PRODUCT_BUNDLE_IDENTIFIER = com.johnkim.EJUnsplash;
				PRODUCT_NAME = "$(TARGET_NAME)";
				SWIFT_VERSION = 5.0;
				TARGETED_DEVICE_FAMILY = "1,2";
			};
			name = Debug;
		};
		52AA349A258264E800A61F23 /* Release */ = {
			isa = XCBuildConfiguration;
			buildSettings = {
				ASSETCATALOG_COMPILER_APPICON_NAME = AppIcon;
				ASSETCATALOG_COMPILER_GLOBAL_ACCENT_COLOR_NAME = AccentColor;
				CODE_SIGN_STYLE = Automatic;
				DEVELOPMENT_TEAM = 88VJWBTHV2;
				INFOPLIST_FILE = EJUnsplash/Info.plist;
				LD_RUNPATH_SEARCH_PATHS = (
					"$(inherited)",
					"@executable_path/Frameworks",
				);
				PRODUCT_BUNDLE_IDENTIFIER = com.johnkim.EJUnsplash;
				PRODUCT_NAME = "$(TARGET_NAME)";
				SWIFT_VERSION = 5.0;
				TARGETED_DEVICE_FAMILY = "1,2";
			};
			name = Release;
		};
		52AA349C258264E800A61F23 /* Debug */ = {
			isa = XCBuildConfiguration;
			buildSettings = {
				ALWAYS_EMBED_SWIFT_STANDARD_LIBRARIES = YES;
				BUNDLE_LOADER = "$(TEST_HOST)";
				CODE_SIGN_STYLE = Automatic;
				DEVELOPMENT_TEAM = 88VJWBTHV2;
				INFOPLIST_FILE = EJUnsplashTests/Info.plist;
				IPHONEOS_DEPLOYMENT_TARGET = 14.2;
				LD_RUNPATH_SEARCH_PATHS = (
					"$(inherited)",
					"@executable_path/Frameworks",
					"@loader_path/Frameworks",
				);
				PRODUCT_BUNDLE_IDENTIFIER = com.johnkim.EJUnsplashTests;
				PRODUCT_NAME = "$(TARGET_NAME)";
				SWIFT_VERSION = 5.0;
				TARGETED_DEVICE_FAMILY = "1,2";
				TEST_HOST = "$(BUILT_PRODUCTS_DIR)/EJUnsplash.app/EJUnsplash";
			};
			name = Debug;
		};
		52AA349D258264E800A61F23 /* Release */ = {
			isa = XCBuildConfiguration;
			buildSettings = {
				ALWAYS_EMBED_SWIFT_STANDARD_LIBRARIES = YES;
				BUNDLE_LOADER = "$(TEST_HOST)";
				CODE_SIGN_STYLE = Automatic;
				DEVELOPMENT_TEAM = 88VJWBTHV2;
				INFOPLIST_FILE = EJUnsplashTests/Info.plist;
				IPHONEOS_DEPLOYMENT_TARGET = 14.2;
				LD_RUNPATH_SEARCH_PATHS = (
					"$(inherited)",
					"@executable_path/Frameworks",
					"@loader_path/Frameworks",
				);
				PRODUCT_BUNDLE_IDENTIFIER = com.johnkim.EJUnsplashTests;
				PRODUCT_NAME = "$(TARGET_NAME)";
				SWIFT_VERSION = 5.0;
				TARGETED_DEVICE_FAMILY = "1,2";
				TEST_HOST = "$(BUILT_PRODUCTS_DIR)/EJUnsplash.app/EJUnsplash";
			};
			name = Release;
		};
/* End XCBuildConfiguration section */

/* Begin XCConfigurationList section */
		52AA3469258264E300A61F23 /* Build configuration list for PBXProject "EJUnsplash" */ = {
			isa = XCConfigurationList;
			buildConfigurations = (
				52AA3496258264E800A61F23 /* Debug */,
				52AA3497258264E800A61F23 /* Release */,
			);
			defaultConfigurationIsVisible = 0;
			defaultConfigurationName = Release;
		};
		52AA3498258264E800A61F23 /* Build configuration list for PBXNativeTarget "EJUnsplash" */ = {
			isa = XCConfigurationList;
			buildConfigurations = (
				52AA3499258264E800A61F23 /* Debug */,
				52AA349A258264E800A61F23 /* Release */,
			);
			defaultConfigurationIsVisible = 0;
			defaultConfigurationName = Release;
		};
		52AA349B258264E800A61F23 /* Build configuration list for PBXNativeTarget "EJUnsplashTests" */ = {
			isa = XCConfigurationList;
			buildConfigurations = (
				52AA349C258264E800A61F23 /* Debug */,
				52AA349D258264E800A61F23 /* Release */,
			);
			defaultConfigurationIsVisible = 0;
			defaultConfigurationName = Release;
		};
/* End XCConfigurationList section */
	};
	rootObject = 52AA3466258264E300A61F23 /* Project object */;
}
