// !$*UTF8*$!
{
	archiveVersion = 1;
	classes = {
	};
	objectVersion = 50;
	objects = {

/* Begin PBXBuildFile section */
		52562B1D2583A9D1006FF4CA /* ListViewModelTests.swift in Sources */ = {isa = PBXBuildFile; fileRef = 52562B1C2583A9D1006FF4CA /* ListViewModelTests.swift */; };
		52562B242583B2BE006FF4CA /* UnsplashService.swift in Sources */ = {isa = PBXBuildFile; fileRef = 52562B232583B2BE006FF4CA /* UnsplashService.swift */; };
		52562B2A2583B344006FF4CA /* UnsplashListService.swift in Sources */ = {isa = PBXBuildFile; fileRef = 52562B292583B344006FF4CA /* UnsplashListService.swift */; };
		52562B2E2583B371006FF4CA /* UnsplashServiceStub.swift in Sources */ = {isa = PBXBuildFile; fileRef = 52562B2D2583B371006FF4CA /* UnsplashServiceStub.swift */; };
		52562B322583D57C006FF4CA /* ImageLoadOperator.swift in Sources */ = {isa = PBXBuildFile; fileRef = 52562B312583D57C006FF4CA /* ImageLoadOperator.swift */; };
		52562B372583D7A4006FF4CA /* ImageLoadOperatorTests.swift in Sources */ = {isa = PBXBuildFile; fileRef = 52562B362583D7A4006FF4CA /* ImageLoadOperatorTests.swift */; };
		52562B3D258499FE006FF4CA /* UnsplashListServiceTests.swift in Sources */ = {isa = PBXBuildFile; fileRef = 52562B3C258499FE006FF4CA /* UnsplashListServiceTests.swift */; };
		52562B412584A3B9006FF4CA /* NetworkManager.swift in Sources */ = {isa = PBXBuildFile; fileRef = 52562B402584A3B9006FF4CA /* NetworkManager.swift */; };
		52562B452584A4B0006FF4CA /* NetworkManagerStub.swift in Sources */ = {isa = PBXBuildFile; fileRef = 52562B442584A4B0006FF4CA /* NetworkManagerStub.swift */; };
		52562B492584A57E006FF4CA /* UnsplashRequest.swift in Sources */ = {isa = PBXBuildFile; fileRef = 52562B482584A57E006FF4CA /* UnsplashRequest.swift */; };
		52562B4D2584A694006FF4CA /* UnsplashAPI.swift in Sources */ = {isa = PBXBuildFile; fileRef = 52562B4C2584A694006FF4CA /* UnsplashAPI.swift */; };
		52562B5225850537006FF4CA /* page1.json in Resources */ = {isa = PBXBuildFile; fileRef = 52562B5125850537006FF4CA /* page1.json */; };
		52562B582585059F006FF4CA /* page2.json in Resources */ = {isa = PBXBuildFile; fileRef = 52562B572585059F006FF4CA /* page2.json */; };
		52562B5D2585075A006FF4CA /* page3.json in Resources */ = {isa = PBXBuildFile; fileRef = 52562B5C2585075A006FF4CA /* page3.json */; };
		52562B6325850769006FF4CA /* page4.json in Resources */ = {isa = PBXBuildFile; fileRef = 52562B6225850769006FF4CA /* page4.json */; };
		52562B672585077D006FF4CA /* page5.json in Resources */ = {isa = PBXBuildFile; fileRef = 52562B662585077D006FF4CA /* page5.json */; };
		52562B6B2585095B006FF4CA /* JsonDataCreator.swift in Sources */ = {isa = PBXBuildFile; fileRef = 52562B6A2585095B006FF4CA /* JsonDataCreator.swift */; };
		52562B732585253B006FF4CA /* NetworkManagerTests.swift in Sources */ = {isa = PBXBuildFile; fileRef = 52562B722585253B006FF4CA /* NetworkManagerTests.swift */; };
		52562B79258527D9006FF4CA /* MockURLSession.swift in Sources */ = {isa = PBXBuildFile; fileRef = 52562B78258527D9006FF4CA /* MockURLSession.swift */; };
		52562B7D258528EF006FF4CA /* MockURLSessionDataTask.swift in Sources */ = {isa = PBXBuildFile; fileRef = 52562B7C258528EF006FF4CA /* MockURLSessionDataTask.swift */; };
		5277A6E72586EEB50039F165 /* ListPresentingAnimator.swift in Sources */ = {isa = PBXBuildFile; fileRef = 5277A6E62586EEB50039F165 /* ListPresentingAnimator.swift */; };
		5277A6EE2586F5960039F165 /* ListPreseningAnimatorTests.swift in Sources */ = {isa = PBXBuildFile; fileRef = 5277A6ED2586F5960039F165 /* ListPreseningAnimatorTests.swift */; };
		5277A6F42586F77E0039F165 /* MockControllerContext.swift in Sources */ = {isa = PBXBuildFile; fileRef = 5277A6F32586F77E0039F165 /* MockControllerContext.swift */; };
		52A21FD325852C510035547B /* UnsplashRequestTests.swift in Sources */ = {isa = PBXBuildFile; fileRef = 52A21FD225852C510035547B /* UnsplashRequestTests.swift */; };
		52A21FD72585C80C0035547B /* ImageLoadOperationTests.swift in Sources */ = {isa = PBXBuildFile; fileRef = 52A21FD62585C80C0035547B /* ImageLoadOperationTests.swift */; };
		52A21FDB2585CC870035547B /* ImageCacheManager.swift in Sources */ = {isa = PBXBuildFile; fileRef = 52A21FDA2585CC870035547B /* ImageCacheManager.swift */; };
		52A21FDF2585D49B0035547B /* ImageCacheManagerStub.swift in Sources */ = {isa = PBXBuildFile; fileRef = 52A21FDE2585D49B0035547B /* ImageCacheManagerStub.swift */; };
		52A21FE32585DC340035547B /* ImageCacheManagerTests.swift in Sources */ = {isa = PBXBuildFile; fileRef = 52A21FE22585DC340035547B /* ImageCacheManagerTests.swift */; };
		52A21FE82585E4B90035547B /* sampleImage.png in Resources */ = {isa = PBXBuildFile; fileRef = 52A21FE72585E4B80035547B /* sampleImage.png */; };
		52A21FF02585F8FE0035547B /* ImageLoader.swift in Sources */ = {isa = PBXBuildFile; fileRef = 52A21FEF2585F8FE0035547B /* ImageLoader.swift */; };
		52A21FF42585F96F0035547B /* DataLoader.swift in Sources */ = {isa = PBXBuildFile; fileRef = 52A21FF32585F96F0035547B /* DataLoader.swift */; };
		52A21FFC25864CC90035547B /* PageViewController.swift in Sources */ = {isa = PBXBuildFile; fileRef = 52A21FFB25864CC90035547B /* PageViewController.swift */; };
		52A2200025864CF70035547B /* PageViewControllerTests.swift in Sources */ = {isa = PBXBuildFile; fileRef = 52A21FFF25864CF70035547B /* PageViewControllerTests.swift */; };
		52A22004258657DA0035547B /* DetailViewController.swift in Sources */ = {isa = PBXBuildFile; fileRef = 52A22003258657DA0035547B /* DetailViewController.swift */; };
		52A2200B258659840035547B /* PageViewModel.swift in Sources */ = {isa = PBXBuildFile; fileRef = 52A22007258658F40035547B /* PageViewModel.swift */; };
		52A2201125865DD30035547B /* PageViewModelStub.swift in Sources */ = {isa = PBXBuildFile; fileRef = 52A2201025865DD30035547B /* PageViewModelStub.swift */; };
		52A220152586620E0035547B /* DetailViewControllerTests.swift in Sources */ = {isa = PBXBuildFile; fileRef = 52A220142586620E0035547B /* DetailViewControllerTests.swift */; };
		52A220192586632F0035547B /* DetailViewModel.swift in Sources */ = {isa = PBXBuildFile; fileRef = 52A220182586632F0035547B /* DetailViewModel.swift */; };
		52A2201D25866BD50035547B /* PageViewModelTests.swift in Sources */ = {isa = PBXBuildFile; fileRef = 52A2201C25866BD50035547B /* PageViewModelTests.swift */; };
		52A220212586742E0035547B /* Constants.swift in Sources */ = {isa = PBXBuildFile; fileRef = 52A220202586742E0035547B /* Constants.swift */; };
		52A2202525867F640035547B /* DetailViewModelStub.swift in Sources */ = {isa = PBXBuildFile; fileRef = 52A2202425867F640035547B /* DetailViewModelStub.swift */; };
		52A2202F2586843A0035547B /* DetailViewModelTests.swift in Sources */ = {isa = PBXBuildFile; fileRef = 52A2202E2586843A0035547B /* DetailViewModelTests.swift */; };
		52A220352587A8530035547B /* Search1.json in Resources */ = {isa = PBXBuildFile; fileRef = 52A220342587A8530035547B /* Search1.json */; };
		52A220392587A8990035547B /* Search2.json in Resources */ = {isa = PBXBuildFile; fileRef = 52A220382587A8990035547B /* Search2.json */; };
		52A2203D2587BCF10035547B /* StickyHeaderViewModelTests.swift in Sources */ = {isa = PBXBuildFile; fileRef = 52A2203C2587BCF10035547B /* StickyHeaderViewModelTests.swift */; };
		52A220412587BECD0035547B /* UnsplashRandomService.swift in Sources */ = {isa = PBXBuildFile; fileRef = 52A220402587BECD0035547B /* UnsplashRandomService.swift */; };
		52A220472587D0770035547B /* UnsplashRandomServiceTests.swift in Sources */ = {isa = PBXBuildFile; fileRef = 52A220462587D0770035547B /* UnsplashRandomServiceTests.swift */; };
		52A2204D2587D4B70035547B /* random.json in Resources */ = {isa = PBXBuildFile; fileRef = 52A2204C2587D4B70035547B /* random.json */; };
		52AA3472258264E300A61F23 /* AppDelegate.swift in Sources */ = {isa = PBXBuildFile; fileRef = 52AA3471258264E300A61F23 /* AppDelegate.swift */; };
		52AA3476258264E300A61F23 /* MainViewController.swift in Sources */ = {isa = PBXBuildFile; fileRef = 52AA3475258264E300A61F23 /* MainViewController.swift */; };
		52AA3479258264E300A61F23 /* Main.storyboard in Resources */ = {isa = PBXBuildFile; fileRef = 52AA3477258264E300A61F23 /* Main.storyboard */; };
		52AA347B258264E700A61F23 /* Assets.xcassets in Resources */ = {isa = PBXBuildFile; fileRef = 52AA347A258264E700A61F23 /* Assets.xcassets */; };
		52AA347E258264E700A61F23 /* LaunchScreen.storyboard in Resources */ = {isa = PBXBuildFile; fileRef = 52AA347C258264E700A61F23 /* LaunchScreen.storyboard */; };
		52AA34B92582683B00A61F23 /* MainViewControllerTests.swift in Sources */ = {isa = PBXBuildFile; fileRef = 52AA34B82582683B00A61F23 /* MainViewControllerTests.swift */; };
		52AA34C225826F2000A61F23 /* StickyHeaderView.swift in Sources */ = {isa = PBXBuildFile; fileRef = 52AA34C125826F1F00A61F23 /* StickyHeaderView.swift */; };
		52AA34CD25827C9900A61F23 /* StickyHeaderViewTests.swift in Sources */ = {isa = PBXBuildFile; fileRef = 52AA34CC25827C9900A61F23 /* StickyHeaderViewTests.swift */; };
		52CD56772582FBB300DA6387 /* StickyHeaderViewModel.swift in Sources */ = {isa = PBXBuildFile; fileRef = 52CD56762582FBB300DA6387 /* StickyHeaderViewModel.swift */; };
		52CD56812583014B00DA6387 /* StickyHeaderViewModelStub.swift in Sources */ = {isa = PBXBuildFile; fileRef = 52CD56802583014B00DA6387 /* StickyHeaderViewModelStub.swift */; };
		52CD5689258312AA00DA6387 /* ListViewModel.swift in Sources */ = {isa = PBXBuildFile; fileRef = 52CD5688258312AA00DA6387 /* ListViewModel.swift */; };
		52CD568D2583145200DA6387 /* ListViewModelStub.swift in Sources */ = {isa = PBXBuildFile; fileRef = 52CD568C2583145200DA6387 /* ListViewModelStub.swift */; };
		52CD569125831CFD00DA6387 /* MockTableView.swift in Sources */ = {isa = PBXBuildFile; fileRef = 52CD569025831CFD00DA6387 /* MockTableView.swift */; };
		52CD569525831ED200DA6387 /* ListViewCell.swift in Sources */ = {isa = PBXBuildFile; fileRef = 52CD569425831ED200DA6387 /* ListViewCell.swift */; };
		52CD569A258332ED00DA6387 /* PhotoInfo.swift in Sources */ = {isa = PBXBuildFile; fileRef = 52CD5699258332ED00DA6387 /* PhotoInfo.swift */; };
		52CD56A02583342100DA6387 /* ListViewCellTests.swift in Sources */ = {isa = PBXBuildFile; fileRef = 52CD569F2583342100DA6387 /* ListViewCellTests.swift */; };
		52CD56A42583352000DA6387 /* UICreator.swift in Sources */ = {isa = PBXBuildFile; fileRef = 52CD56A32583352000DA6387 /* UICreator.swift */; };
		52F528AB2587345400C7B88C /* SearchViewControllerTests.swift in Sources */ = {isa = PBXBuildFile; fileRef = 52F528AA2587345400C7B88C /* SearchViewControllerTests.swift */; };
		52F528AF258736E100C7B88C /* SearchViewController.swift in Sources */ = {isa = PBXBuildFile; fileRef = 52F528AE258736E100C7B88C /* SearchViewController.swift */; };
		52F528B72587451300C7B88C /* UnsplashSearchService.swift in Sources */ = {isa = PBXBuildFile; fileRef = 52F528B62587451300C7B88C /* UnsplashSearchService.swift */; };
		52F528BD258757C100C7B88C /* UnsplashSearchServiceTests.swift in Sources */ = {isa = PBXBuildFile; fileRef = 52F528BC258757C100C7B88C /* UnsplashSearchServiceTests.swift */; };
		52F528C5258848A800C7B88C /* ListViewController.swift in Sources */ = {isa = PBXBuildFile; fileRef = 52F528C4258848A800C7B88C /* ListViewController.swift */; };
		52F528CB25885D9600C7B88C /* ListViewControllerTests.swift in Sources */ = {isa = PBXBuildFile; fileRef = 52F528CA25885D9600C7B88C /* ListViewControllerTests.swift */; };
/* End PBXBuildFile section */

/* Begin PBXContainerItemProxy section */
		52AA3485258264E800A61F23 /* PBXContainerItemProxy */ = {
			isa = PBXContainerItemProxy;
			containerPortal = 52AA3466258264E300A61F23 /* Project object */;
			proxyType = 1;
			remoteGlobalIDString = 52AA346D258264E300A61F23;
			remoteInfo = EJUnsplash;
		};
/* End PBXContainerItemProxy section */

/* Begin PBXFileReference section */
		52562B1C2583A9D1006FF4CA /* ListViewModelTests.swift */ = {isa = PBXFileReference; lastKnownFileType = sourcecode.swift; path = ListViewModelTests.swift; sourceTree = "<group>"; };
		52562B232583B2BE006FF4CA /* UnsplashService.swift */ = {isa = PBXFileReference; lastKnownFileType = sourcecode.swift; path = UnsplashService.swift; sourceTree = "<group>"; };
		52562B292583B344006FF4CA /* UnsplashListService.swift */ = {isa = PBXFileReference; lastKnownFileType = sourcecode.swift; path = UnsplashListService.swift; sourceTree = "<group>"; };
		52562B2D2583B371006FF4CA /* UnsplashServiceStub.swift */ = {isa = PBXFileReference; lastKnownFileType = sourcecode.swift; path = UnsplashServiceStub.swift; sourceTree = "<group>"; };
		52562B312583D57C006FF4CA /* ImageLoadOperator.swift */ = {isa = PBXFileReference; lastKnownFileType = sourcecode.swift; path = ImageLoadOperator.swift; sourceTree = "<group>"; };
		52562B362583D7A4006FF4CA /* ImageLoadOperatorTests.swift */ = {isa = PBXFileReference; lastKnownFileType = sourcecode.swift; path = ImageLoadOperatorTests.swift; sourceTree = "<group>"; };
		52562B3C258499FE006FF4CA /* UnsplashListServiceTests.swift */ = {isa = PBXFileReference; lastKnownFileType = sourcecode.swift; path = UnsplashListServiceTests.swift; sourceTree = "<group>"; };
		52562B402584A3B9006FF4CA /* NetworkManager.swift */ = {isa = PBXFileReference; lastKnownFileType = sourcecode.swift; path = NetworkManager.swift; sourceTree = "<group>"; };
		52562B442584A4B0006FF4CA /* NetworkManagerStub.swift */ = {isa = PBXFileReference; lastKnownFileType = sourcecode.swift; path = NetworkManagerStub.swift; sourceTree = "<group>"; };
		52562B482584A57E006FF4CA /* UnsplashRequest.swift */ = {isa = PBXFileReference; lastKnownFileType = sourcecode.swift; path = UnsplashRequest.swift; sourceTree = "<group>"; };
		52562B4C2584A694006FF4CA /* UnsplashAPI.swift */ = {isa = PBXFileReference; lastKnownFileType = sourcecode.swift; path = UnsplashAPI.swift; sourceTree = "<group>"; };
		52562B5125850537006FF4CA /* page1.json */ = {isa = PBXFileReference; lastKnownFileType = text.json; path = page1.json; sourceTree = "<group>"; };
		52562B572585059F006FF4CA /* page2.json */ = {isa = PBXFileReference; lastKnownFileType = text.json; path = page2.json; sourceTree = "<group>"; };
		52562B5C2585075A006FF4CA /* page3.json */ = {isa = PBXFileReference; lastKnownFileType = text.json; path = page3.json; sourceTree = "<group>"; };
		52562B6225850769006FF4CA /* page4.json */ = {isa = PBXFileReference; lastKnownFileType = text.json; path = page4.json; sourceTree = "<group>"; };
		52562B662585077D006FF4CA /* page5.json */ = {isa = PBXFileReference; lastKnownFileType = text.json; path = page5.json; sourceTree = "<group>"; };
		52562B6A2585095B006FF4CA /* JsonDataCreator.swift */ = {isa = PBXFileReference; lastKnownFileType = sourcecode.swift; path = JsonDataCreator.swift; sourceTree = "<group>"; };
		52562B722585253B006FF4CA /* NetworkManagerTests.swift */ = {isa = PBXFileReference; lastKnownFileType = sourcecode.swift; path = NetworkManagerTests.swift; sourceTree = "<group>"; };
		52562B78258527D9006FF4CA /* MockURLSession.swift */ = {isa = PBXFileReference; lastKnownFileType = sourcecode.swift; path = MockURLSession.swift; sourceTree = "<group>"; };
		52562B7C258528EF006FF4CA /* MockURLSessionDataTask.swift */ = {isa = PBXFileReference; lastKnownFileType = sourcecode.swift; path = MockURLSessionDataTask.swift; sourceTree = "<group>"; };
		5277A6E62586EEB50039F165 /* ListPresentingAnimator.swift */ = {isa = PBXFileReference; lastKnownFileType = sourcecode.swift; path = ListPresentingAnimator.swift; sourceTree = "<group>"; };
		5277A6ED2586F5960039F165 /* ListPreseningAnimatorTests.swift */ = {isa = PBXFileReference; lastKnownFileType = sourcecode.swift; path = ListPreseningAnimatorTests.swift; sourceTree = "<group>"; };
		5277A6F32586F77E0039F165 /* MockControllerContext.swift */ = {isa = PBXFileReference; lastKnownFileType = sourcecode.swift; path = MockControllerContext.swift; sourceTree = "<group>"; };
		52A21FD225852C510035547B /* UnsplashRequestTests.swift */ = {isa = PBXFileReference; lastKnownFileType = sourcecode.swift; path = UnsplashRequestTests.swift; sourceTree = "<group>"; };
		52A21FD62585C80C0035547B /* ImageLoadOperationTests.swift */ = {isa = PBXFileReference; lastKnownFileType = sourcecode.swift; path = ImageLoadOperationTests.swift; sourceTree = "<group>"; };
		52A21FDA2585CC870035547B /* ImageCacheManager.swift */ = {isa = PBXFileReference; lastKnownFileType = sourcecode.swift; path = ImageCacheManager.swift; sourceTree = "<group>"; };
		52A21FDE2585D49B0035547B /* ImageCacheManagerStub.swift */ = {isa = PBXFileReference; lastKnownFileType = sourcecode.swift; path = ImageCacheManagerStub.swift; sourceTree = "<group>"; };
		52A21FE22585DC340035547B /* ImageCacheManagerTests.swift */ = {isa = PBXFileReference; lastKnownFileType = sourcecode.swift; path = ImageCacheManagerTests.swift; sourceTree = "<group>"; };
		52A21FE72585E4B80035547B /* sampleImage.png */ = {isa = PBXFileReference; lastKnownFileType = image.png; path = sampleImage.png; sourceTree = "<group>"; };
		52A21FEF2585F8FE0035547B /* ImageLoader.swift */ = {isa = PBXFileReference; lastKnownFileType = sourcecode.swift; path = ImageLoader.swift; sourceTree = "<group>"; };
		52A21FF32585F96F0035547B /* DataLoader.swift */ = {isa = PBXFileReference; lastKnownFileType = sourcecode.swift; path = DataLoader.swift; sourceTree = "<group>"; };
		52A21FFB25864CC90035547B /* PageViewController.swift */ = {isa = PBXFileReference; lastKnownFileType = sourcecode.swift; path = PageViewController.swift; sourceTree = "<group>"; };
		52A21FFF25864CF70035547B /* PageViewControllerTests.swift */ = {isa = PBXFileReference; lastKnownFileType = sourcecode.swift; path = PageViewControllerTests.swift; sourceTree = "<group>"; };
		52A22003258657DA0035547B /* DetailViewController.swift */ = {isa = PBXFileReference; lastKnownFileType = sourcecode.swift; path = DetailViewController.swift; sourceTree = "<group>"; };
		52A22007258658F40035547B /* PageViewModel.swift */ = {isa = PBXFileReference; lastKnownFileType = sourcecode.swift; path = PageViewModel.swift; sourceTree = "<group>"; };
		52A2201025865DD30035547B /* PageViewModelStub.swift */ = {isa = PBXFileReference; lastKnownFileType = sourcecode.swift; path = PageViewModelStub.swift; sourceTree = "<group>"; };
		52A220142586620E0035547B /* DetailViewControllerTests.swift */ = {isa = PBXFileReference; lastKnownFileType = sourcecode.swift; path = DetailViewControllerTests.swift; sourceTree = "<group>"; };
		52A220182586632F0035547B /* DetailViewModel.swift */ = {isa = PBXFileReference; lastKnownFileType = sourcecode.swift; path = DetailViewModel.swift; sourceTree = "<group>"; };
		52A2201C25866BD50035547B /* PageViewModelTests.swift */ = {isa = PBXFileReference; lastKnownFileType = sourcecode.swift; path = PageViewModelTests.swift; sourceTree = "<group>"; };
		52A220202586742E0035547B /* Constants.swift */ = {isa = PBXFileReference; lastKnownFileType = sourcecode.swift; path = Constants.swift; sourceTree = "<group>"; };
		52A2202425867F640035547B /* DetailViewModelStub.swift */ = {isa = PBXFileReference; lastKnownFileType = sourcecode.swift; path = DetailViewModelStub.swift; sourceTree = "<group>"; };
		52A2202E2586843A0035547B /* DetailViewModelTests.swift */ = {isa = PBXFileReference; lastKnownFileType = sourcecode.swift; path = DetailViewModelTests.swift; sourceTree = "<group>"; };
		52A220342587A8530035547B /* Search1.json */ = {isa = PBXFileReference; lastKnownFileType = text.json; path = Search1.json; sourceTree = "<group>"; };
		52A220382587A8990035547B /* Search2.json */ = {isa = PBXFileReference; lastKnownFileType = text.json; path = Search2.json; sourceTree = "<group>"; };
		52A2203C2587BCF10035547B /* StickyHeaderViewModelTests.swift */ = {isa = PBXFileReference; lastKnownFileType = sourcecode.swift; path = StickyHeaderViewModelTests.swift; sourceTree = "<group>"; };
		52A220402587BECD0035547B /* UnsplashRandomService.swift */ = {isa = PBXFileReference; lastKnownFileType = sourcecode.swift; path = UnsplashRandomService.swift; sourceTree = "<group>"; };
		52A220462587D0770035547B /* UnsplashRandomServiceTests.swift */ = {isa = PBXFileReference; lastKnownFileType = sourcecode.swift; path = UnsplashRandomServiceTests.swift; sourceTree = "<group>"; };
		52A2204C2587D4B70035547B /* random.json */ = {isa = PBXFileReference; lastKnownFileType = text.json; path = random.json; sourceTree = "<group>"; };
		52AA346E258264E300A61F23 /* EJUnsplash.app */ = {isa = PBXFileReference; explicitFileType = wrapper.application; includeInIndex = 0; path = EJUnsplash.app; sourceTree = BUILT_PRODUCTS_DIR; };
		52AA3471258264E300A61F23 /* AppDelegate.swift */ = {isa = PBXFileReference; lastKnownFileType = sourcecode.swift; path = AppDelegate.swift; sourceTree = "<group>"; };
		52AA3475258264E300A61F23 /* MainViewController.swift */ = {isa = PBXFileReference; lastKnownFileType = sourcecode.swift; path = MainViewController.swift; sourceTree = "<group>"; };
		52AA3478258264E300A61F23 /* Base */ = {isa = PBXFileReference; lastKnownFileType = file.storyboard; name = Base; path = Base.lproj/Main.storyboard; sourceTree = "<group>"; };
		52AA347A258264E700A61F23 /* Assets.xcassets */ = {isa = PBXFileReference; lastKnownFileType = folder.assetcatalog; path = Assets.xcassets; sourceTree = "<group>"; };
		52AA347D258264E700A61F23 /* Base */ = {isa = PBXFileReference; lastKnownFileType = file.storyboard; name = Base; path = Base.lproj/LaunchScreen.storyboard; sourceTree = "<group>"; };
		52AA347F258264E700A61F23 /* Info.plist */ = {isa = PBXFileReference; lastKnownFileType = text.plist.xml; path = Info.plist; sourceTree = "<group>"; };
		52AA3484258264E800A61F23 /* EJUnsplashTests.xctest */ = {isa = PBXFileReference; explicitFileType = wrapper.cfbundle; includeInIndex = 0; path = EJUnsplashTests.xctest; sourceTree = BUILT_PRODUCTS_DIR; };
		52AA348A258264E800A61F23 /* Info.plist */ = {isa = PBXFileReference; lastKnownFileType = text.plist.xml; path = Info.plist; sourceTree = "<group>"; };
		52AA34B82582683B00A61F23 /* MainViewControllerTests.swift */ = {isa = PBXFileReference; lastKnownFileType = sourcecode.swift; path = MainViewControllerTests.swift; sourceTree = "<group>"; };
		52AA34C125826F1F00A61F23 /* StickyHeaderView.swift */ = {isa = PBXFileReference; lastKnownFileType = sourcecode.swift; path = StickyHeaderView.swift; sourceTree = "<group>"; };
		52AA34CC25827C9900A61F23 /* StickyHeaderViewTests.swift */ = {isa = PBXFileReference; lastKnownFileType = sourcecode.swift; path = StickyHeaderViewTests.swift; sourceTree = "<group>"; };
		52CD56762582FBB300DA6387 /* StickyHeaderViewModel.swift */ = {isa = PBXFileReference; lastKnownFileType = sourcecode.swift; path = StickyHeaderViewModel.swift; sourceTree = "<group>"; };
		52CD56802583014B00DA6387 /* StickyHeaderViewModelStub.swift */ = {isa = PBXFileReference; lastKnownFileType = sourcecode.swift; path = StickyHeaderViewModelStub.swift; sourceTree = "<group>"; };
		52CD5688258312AA00DA6387 /* ListViewModel.swift */ = {isa = PBXFileReference; lastKnownFileType = sourcecode.swift; path = ListViewModel.swift; sourceTree = "<group>"; };
		52CD568C2583145200DA6387 /* ListViewModelStub.swift */ = {isa = PBXFileReference; lastKnownFileType = sourcecode.swift; path = ListViewModelStub.swift; sourceTree = "<group>"; };
		52CD569025831CFD00DA6387 /* MockTableView.swift */ = {isa = PBXFileReference; lastKnownFileType = sourcecode.swift; path = MockTableView.swift; sourceTree = "<group>"; };
		52CD569425831ED200DA6387 /* ListViewCell.swift */ = {isa = PBXFileReference; lastKnownFileType = sourcecode.swift; path = ListViewCell.swift; sourceTree = "<group>"; };
		52CD5699258332ED00DA6387 /* PhotoInfo.swift */ = {isa = PBXFileReference; lastKnownFileType = sourcecode.swift; path = PhotoInfo.swift; sourceTree = "<group>"; };
		52CD569F2583342100DA6387 /* ListViewCellTests.swift */ = {isa = PBXFileReference; lastKnownFileType = sourcecode.swift; path = ListViewCellTests.swift; sourceTree = "<group>"; };
		52CD56A32583352000DA6387 /* UICreator.swift */ = {isa = PBXFileReference; lastKnownFileType = sourcecode.swift; path = UICreator.swift; sourceTree = "<group>"; };
		52F528AA2587345400C7B88C /* SearchViewControllerTests.swift */ = {isa = PBXFileReference; lastKnownFileType = sourcecode.swift; path = SearchViewControllerTests.swift; sourceTree = "<group>"; };
		52F528AE258736E100C7B88C /* SearchViewController.swift */ = {isa = PBXFileReference; lastKnownFileType = sourcecode.swift; path = SearchViewController.swift; sourceTree = "<group>"; };
		52F528B62587451300C7B88C /* UnsplashSearchService.swift */ = {isa = PBXFileReference; lastKnownFileType = sourcecode.swift; path = UnsplashSearchService.swift; sourceTree = "<group>"; };
		52F528BC258757C100C7B88C /* UnsplashSearchServiceTests.swift */ = {isa = PBXFileReference; lastKnownFileType = sourcecode.swift; path = UnsplashSearchServiceTests.swift; sourceTree = "<group>"; };
		52F528C4258848A800C7B88C /* ListViewController.swift */ = {isa = PBXFileReference; lastKnownFileType = sourcecode.swift; path = ListViewController.swift; sourceTree = "<group>"; };
		52F528CA25885D9600C7B88C /* ListViewControllerTests.swift */ = {isa = PBXFileReference; lastKnownFileType = sourcecode.swift; path = ListViewControllerTests.swift; sourceTree = "<group>"; };
/* End PBXFileReference section */

/* Begin PBXFrameworksBuildPhase section */
		52AA346B258264E300A61F23 /* Frameworks */ = {
			isa = PBXFrameworksBuildPhase;
			buildActionMask = 2147483647;
			files = (
			);
			runOnlyForDeploymentPostprocessing = 0;
		};
		52AA3481258264E800A61F23 /* Frameworks */ = {
			isa = PBXFrameworksBuildPhase;
			buildActionMask = 2147483647;
			files = (
			);
			runOnlyForDeploymentPostprocessing = 0;
		};
/* End PBXFrameworksBuildPhase section */

/* Begin PBXGroup section */
		52562B1725828E83006FF4CA /* Helpers */ = {
			isa = PBXGroup;
			children = (
				52CD56A32583352000DA6387 /* UICreator.swift */,
				52562B6A2585095B006FF4CA /* JsonDataCreator.swift */,
				52A21FEF2585F8FE0035547B /* ImageLoader.swift */,
				52A21FF32585F96F0035547B /* DataLoader.swift */,
			);
			path = Helpers;
			sourceTree = "<group>";
		};
		52562B1B2583A9A2006FF4CA /* ViewModels */ = {
			isa = PBXGroup;
			children = (
				52562B1C2583A9D1006FF4CA /* ListViewModelTests.swift */,
				52A2201C25866BD50035547B /* PageViewModelTests.swift */,
				52A2202E2586843A0035547B /* DetailViewModelTests.swift */,
				52A2203C2587BCF10035547B /* StickyHeaderViewModelTests.swift */,
			);
			path = ViewModels;
			sourceTree = "<group>";
		};
		52562B222583B29D006FF4CA /* Service */ = {
			isa = PBXGroup;
			children = (
				52562B232583B2BE006FF4CA /* UnsplashService.swift */,
				52562B292583B344006FF4CA /* UnsplashListService.swift */,
				52F528B62587451300C7B88C /* UnsplashSearchService.swift */,
				52A220402587BECD0035547B /* UnsplashRandomService.swift */,
				52562B312583D57C006FF4CA /* ImageLoadOperator.swift */,
				52562B402584A3B9006FF4CA /* NetworkManager.swift */,
				52562B482584A57E006FF4CA /* UnsplashRequest.swift */,
				52562B4C2584A694006FF4CA /* UnsplashAPI.swift */,
				52A21FDA2585CC870035547B /* ImageCacheManager.swift */,
			);
			path = Service;
			sourceTree = "<group>";
		};
		52562B352583D775006FF4CA /* Service */ = {
			isa = PBXGroup;
			children = (
				52562B362583D7A4006FF4CA /* ImageLoadOperatorTests.swift */,
				52562B3C258499FE006FF4CA /* UnsplashListServiceTests.swift */,
				52F528BC258757C100C7B88C /* UnsplashSearchServiceTests.swift */,
				52A220462587D0770035547B /* UnsplashRandomServiceTests.swift */,
				52562B722585253B006FF4CA /* NetworkManagerTests.swift */,
				52A21FD225852C510035547B /* UnsplashRequestTests.swift */,
				52A21FD62585C80C0035547B /* ImageLoadOperationTests.swift */,
				52A21FE22585DC340035547B /* ImageCacheManagerTests.swift */,
			);
			path = Service;
			sourceTree = "<group>";
		};
		52562B50258504F8006FF4CA /* JsonDatas */ = {
			isa = PBXGroup;
			children = (
				52562B5125850537006FF4CA /* page1.json */,
				52562B572585059F006FF4CA /* page2.json */,
				52562B5C2585075A006FF4CA /* page3.json */,
				52562B6225850769006FF4CA /* page4.json */,
				52562B662585077D006FF4CA /* page5.json */,
				52A220342587A8530035547B /* Search1.json */,
				52A220382587A8990035547B /* Search2.json */,
				52A2204C2587D4B70035547B /* random.json */,
			);
			path = JsonDatas;
			sourceTree = "<group>";
		};
		5277A6E52586EE7C0039F165 /* Transition */ = {
			isa = PBXGroup;
			children = (
				5277A6E62586EEB50039F165 /* ListPresentingAnimator.swift */,
			);
			path = Transition;
			sourceTree = "<group>";
		};
		5277A6EC2586F5790039F165 /* Transition */ = {
			isa = PBXGroup;
			children = (
				5277A6ED2586F5960039F165 /* ListPreseningAnimatorTests.swift */,
			);
			path = Transition;
			sourceTree = "<group>";
		};
		52A21FE62585E4320035547B /* Images */ = {
			isa = PBXGroup;
			children = (
				52A21FE72585E4B80035547B /* sampleImage.png */,
			);
			path = Images;
			sourceTree = "<group>";
		};
		52AA3465258264E300A61F23 = {
			isa = PBXGroup;
			children = (
				52AA3470258264E300A61F23 /* EJUnsplash */,
				52AA3487258264E800A61F23 /* EJUnsplashTests */,
				52AA346F258264E300A61F23 /* Products */,
			);
			sourceTree = "<group>";
		};
		52AA346F258264E300A61F23 /* Products */ = {
			isa = PBXGroup;
			children = (
				52AA346E258264E300A61F23 /* EJUnsplash.app */,
				52AA3484258264E800A61F23 /* EJUnsplashTests.xctest */,
			);
			name = Products;
			sourceTree = "<group>";
		};
		52AA3470258264E300A61F23 /* EJUnsplash */ = {
			isa = PBXGroup;
			children = (
				52CD5698258332D700DA6387 /* Model */,
				52AA34C72582755B00A61F23 /* Controllers */,
				52AA34C025826F0500A61F23 /* Views */,
				52CD567A2582FBBA00DA6387 /* ViewModels */,
				5277A6E52586EE7C0039F165 /* Transition */,
				52562B222583B29D006FF4CA /* Service */,
				52AA3471258264E300A61F23 /* AppDelegate.swift */,
				52AA3477258264E300A61F23 /* Main.storyboard */,
				52AA347C258264E700A61F23 /* LaunchScreen.storyboard */,
				52AA347A258264E700A61F23 /* Assets.xcassets */,
				52AA347F258264E700A61F23 /* Info.plist */,
				52A220202586742E0035547B /* Constants.swift */,
			);
			path = EJUnsplash;
			sourceTree = "<group>";
		};
		52AA3487258264E800A61F23 /* EJUnsplashTests */ = {
			isa = PBXGroup;
			children = (
				52A21FE62585E4320035547B /* Images */,
				52562B50258504F8006FF4CA /* JsonDatas */,
				52AA34C82582757700A61F23 /* Contollers */,
				52AA34CB25827C6C00A61F23 /* Views */,
				52562B1B2583A9A2006FF4CA /* ViewModels */,
				5277A6EC2586F5790039F165 /* Transition */,
				52562B352583D775006FF4CA /* Service */,
				52CD567F2583013500DA6387 /* Mock */,
				52562B1725828E83006FF4CA /* Helpers */,
				52AA348A258264E800A61F23 /* Info.plist */,
			);
			path = EJUnsplashTests;
			sourceTree = "<group>";
		};
		52AA34C025826F0500A61F23 /* Views */ = {
			isa = PBXGroup;
			children = (
				52AA34C125826F1F00A61F23 /* StickyHeaderView.swift */,
				52CD569425831ED200DA6387 /* ListViewCell.swift */,
			);
			path = Views;
			sourceTree = "<group>";
		};
		52AA34C72582755B00A61F23 /* Controllers */ = {
			isa = PBXGroup;
			children = (
				52AA3475258264E300A61F23 /* MainViewController.swift */,
				52A21FFB25864CC90035547B /* PageViewController.swift */,
				52A22003258657DA0035547B /* DetailViewController.swift */,
				52F528AE258736E100C7B88C /* SearchViewController.swift */,
				52F528C4258848A800C7B88C /* ListViewController.swift */,
			);
			path = Controllers;
			sourceTree = "<group>";
		};
		52AA34C82582757700A61F23 /* Contollers */ = {
			isa = PBXGroup;
			children = (
				52F528CA25885D9600C7B88C /* ListViewControllerTests.swift */,
				52AA34B82582683B00A61F23 /* MainViewControllerTests.swift */,
				52A21FFF25864CF70035547B /* PageViewControllerTests.swift */,
				52A220142586620E0035547B /* DetailViewControllerTests.swift */,
				52F528AA2587345400C7B88C /* SearchViewControllerTests.swift */,
			);
			path = Contollers;
			sourceTree = "<group>";
		};
		52AA34CB25827C6C00A61F23 /* Views */ = {
			isa = PBXGroup;
			children = (
				52AA34CC25827C9900A61F23 /* StickyHeaderViewTests.swift */,
				52CD569F2583342100DA6387 /* ListViewCellTests.swift */,
			);
			path = Views;
			sourceTree = "<group>";
		};
		52CD567A2582FBBA00DA6387 /* ViewModels */ = {
			isa = PBXGroup;
			children = (
				52CD56762582FBB300DA6387 /* StickyHeaderViewModel.swift */,
				52CD5688258312AA00DA6387 /* ListViewModel.swift */,
				52A22007258658F40035547B /* PageViewModel.swift */,
				52A220182586632F0035547B /* DetailViewModel.swift */,
			);
			path = ViewModels;
			sourceTree = "<group>";
		};
		52CD567F2583013500DA6387 /* Mock */ = {
			isa = PBXGroup;
			children = (
				52CD56802583014B00DA6387 /* StickyHeaderViewModelStub.swift */,
				52CD568C2583145200DA6387 /* ListViewModelStub.swift */,
				52CD569025831CFD00DA6387 /* MockTableView.swift */,
				52562B2D2583B371006FF4CA /* UnsplashServiceStub.swift */,
				52562B442584A4B0006FF4CA /* NetworkManagerStub.swift */,
				52562B78258527D9006FF4CA /* MockURLSession.swift */,
				52562B7C258528EF006FF4CA /* MockURLSessionDataTask.swift */,
				52A21FDE2585D49B0035547B /* ImageCacheManagerStub.swift */,
				52A2201025865DD30035547B /* PageViewModelStub.swift */,
				52A2202425867F640035547B /* DetailViewModelStub.swift */,
				5277A6F32586F77E0039F165 /* MockControllerContext.swift */,
			);
			path = Mock;
			sourceTree = "<group>";
		};
		52CD5698258332D700DA6387 /* Model */ = {
			isa = PBXGroup;
			children = (
				52CD5699258332ED00DA6387 /* PhotoInfo.swift */,
			);
			path = Model;
			sourceTree = "<group>";
		};
/* End PBXGroup section */

/* Begin PBXNativeTarget section */
		52AA346D258264E300A61F23 /* EJUnsplash */ = {
			isa = PBXNativeTarget;
			buildConfigurationList = 52AA3498258264E800A61F23 /* Build configuration list for PBXNativeTarget "EJUnsplash" */;
			buildPhases = (
				52AA346A258264E300A61F23 /* Sources */,
				52AA346B258264E300A61F23 /* Frameworks */,
				52AA346C258264E300A61F23 /* Resources */,
			);
			buildRules = (
			);
			dependencies = (
			);
			name = EJUnsplash;
			productName = EJUnsplash;
			productReference = 52AA346E258264E300A61F23 /* EJUnsplash.app */;
			productType = "com.apple.product-type.application";
		};
		52AA3483258264E800A61F23 /* EJUnsplashTests */ = {
			isa = PBXNativeTarget;
			buildConfigurationList = 52AA349B258264E800A61F23 /* Build configuration list for PBXNativeTarget "EJUnsplashTests" */;
			buildPhases = (
				52AA3480258264E800A61F23 /* Sources */,
				52AA3481258264E800A61F23 /* Frameworks */,
				52AA3482258264E800A61F23 /* Resources */,
			);
			buildRules = (
			);
			dependencies = (
				52AA3486258264E800A61F23 /* PBXTargetDependency */,
			);
			name = EJUnsplashTests;
			productName = EJUnsplashTests;
			productReference = 52AA3484258264E800A61F23 /* EJUnsplashTests.xctest */;
			productType = "com.apple.product-type.bundle.unit-test";
		};
/* End PBXNativeTarget section */

/* Begin PBXProject section */
		52AA3466258264E300A61F23 /* Project object */ = {
			isa = PBXProject;
			attributes = {
				LastSwiftUpdateCheck = 1220;
				LastUpgradeCheck = 1220;
				TargetAttributes = {
					52AA346D258264E300A61F23 = {
						CreatedOnToolsVersion = 12.2;
					};
					52AA3483258264E800A61F23 = {
						CreatedOnToolsVersion = 12.2;
						TestTargetID = 52AA346D258264E300A61F23;
					};
				};
			};
			buildConfigurationList = 52AA3469258264E300A61F23 /* Build configuration list for PBXProject "EJUnsplash" */;
			compatibilityVersion = "Xcode 9.3";
			developmentRegion = en;
			hasScannedForEncodings = 0;
			knownRegions = (
				en,
				Base,
			);
			mainGroup = 52AA3465258264E300A61F23;
			productRefGroup = 52AA346F258264E300A61F23 /* Products */;
			projectDirPath = "";
			projectRoot = "";
			targets = (
				52AA346D258264E300A61F23 /* EJUnsplash */,
				52AA3483258264E800A61F23 /* EJUnsplashTests */,
			);
		};
/* End PBXProject section */

/* Begin PBXResourcesBuildPhase section */
		52AA346C258264E300A61F23 /* Resources */ = {
			isa = PBXResourcesBuildPhase;
			buildActionMask = 2147483647;
			files = (
				52AA347E258264E700A61F23 /* LaunchScreen.storyboard in Resources */,
				52AA347B258264E700A61F23 /* Assets.xcassets in Resources */,
				52AA3479258264E300A61F23 /* Main.storyboard in Resources */,
			);
			runOnlyForDeploymentPostprocessing = 0;
		};
		52AA3482258264E800A61F23 /* Resources */ = {
			isa = PBXResourcesBuildPhase;
			buildActionMask = 2147483647;
			files = (
				52A220352587A8530035547B /* Search1.json in Resources */,
				52562B672585077D006FF4CA /* page5.json in Resources */,
				52562B5225850537006FF4CA /* page1.json in Resources */,
				52A2204D2587D4B70035547B /* random.json in Resources */,
				52562B5D2585075A006FF4CA /* page3.json in Resources */,
				52A220392587A8990035547B /* Search2.json in Resources */,
				52562B582585059F006FF4CA /* page2.json in Resources */,
				52562B6325850769006FF4CA /* page4.json in Resources */,
				52A21FE82585E4B90035547B /* sampleImage.png in Resources */,
			);
			runOnlyForDeploymentPostprocessing = 0;
		};
/* End PBXResourcesBuildPhase section */

/* Begin PBXSourcesBuildPhase section */
		52AA346A258264E300A61F23 /* Sources */ = {
			isa = PBXSourcesBuildPhase;
			buildActionMask = 2147483647;
			files = (
				52CD569A258332ED00DA6387 /* PhotoInfo.swift in Sources */,
				52A220212586742E0035547B /* Constants.swift in Sources */,
				52562B322583D57C006FF4CA /* ImageLoadOperator.swift in Sources */,
				52CD5689258312AA00DA6387 /* ListViewModel.swift in Sources */,
				52562B2A2583B344006FF4CA /* UnsplashListService.swift in Sources */,
				52562B412584A3B9006FF4CA /* NetworkManager.swift in Sources */,
				52AA3476258264E300A61F23 /* MainViewController.swift in Sources */,
				52A21FFC25864CC90035547B /* PageViewController.swift in Sources */,
				52A2200B258659840035547B /* PageViewModel.swift in Sources */,
				52F528B72587451300C7B88C /* UnsplashSearchService.swift in Sources */,
				52A22004258657DA0035547B /* DetailViewController.swift in Sources */,
				52AA34C225826F2000A61F23 /* StickyHeaderView.swift in Sources */,
				52CD56772582FBB300DA6387 /* StickyHeaderViewModel.swift in Sources */,
				52A21FDB2585CC870035547B /* ImageCacheManager.swift in Sources */,
				52F528C5258848A800C7B88C /* ListViewController.swift in Sources */,
				5277A6E72586EEB50039F165 /* ListPresentingAnimator.swift in Sources */,
				52562B4D2584A694006FF4CA /* UnsplashAPI.swift in Sources */,
				52F528AF258736E100C7B88C /* SearchViewController.swift in Sources */,
				52A220192586632F0035547B /* DetailViewModel.swift in Sources */,
				52CD569525831ED200DA6387 /* ListViewCell.swift in Sources */,
				52AA3472258264E300A61F23 /* AppDelegate.swift in Sources */,
				52562B242583B2BE006FF4CA /* UnsplashService.swift in Sources */,
				52562B492584A57E006FF4CA /* UnsplashRequest.swift in Sources */,
				52A220412587BECD0035547B /* UnsplashRandomService.swift in Sources */,
			);
			runOnlyForDeploymentPostprocessing = 0;
		};
		52AA3480258264E800A61F23 /* Sources */ = {
			isa = PBXSourcesBuildPhase;
			buildActionMask = 2147483647;
			files = (
				52A21FF42585F96F0035547B /* DataLoader.swift in Sources */,
				52A2202525867F640035547B /* DetailViewModelStub.swift in Sources */,
				52A2201125865DD30035547B /* PageViewModelStub.swift in Sources */,
				52A2202F2586843A0035547B /* DetailViewModelTests.swift in Sources */,
				52CD56A42583352000DA6387 /* UICreator.swift in Sources */,
				52A2203D2587BCF10035547B /* StickyHeaderViewModelTests.swift in Sources */,
				52A21FDF2585D49B0035547B /* ImageCacheManagerStub.swift in Sources */,
				52F528BD258757C100C7B88C /* UnsplashSearchServiceTests.swift in Sources */,
				52AA34CD25827C9900A61F23 /* StickyHeaderViewTests.swift in Sources */,
				52562B452584A4B0006FF4CA /* NetworkManagerStub.swift in Sources */,
				52562B79258527D9006FF4CA /* MockURLSession.swift in Sources */,
				52CD569125831CFD00DA6387 /* MockTableView.swift in Sources */,
				52562B732585253B006FF4CA /* NetworkManagerTests.swift in Sources */,
				5277A6F42586F77E0039F165 /* MockControllerContext.swift in Sources */,
				52A2200025864CF70035547B /* PageViewControllerTests.swift in Sources */,
				52CD56812583014B00DA6387 /* StickyHeaderViewModelStub.swift in Sources */,
				52562B3D258499FE006FF4CA /* UnsplashListServiceTests.swift in Sources */,
				52562B2E2583B371006FF4CA /* UnsplashServiceStub.swift in Sources */,
				52F528CB25885D9600C7B88C /* ListViewControllerTests.swift in Sources */,
				52AA34B92582683B00A61F23 /* MainViewControllerTests.swift in Sources */,
				52562B7D258528EF006FF4CA /* MockURLSessionDataTask.swift in Sources */,
				52CD56A02583342100DA6387 /* ListViewCellTests.swift in Sources */,
				52A220152586620E0035547B /* DetailViewControllerTests.swift in Sources */,
				52A220472587D0770035547B /* UnsplashRandomServiceTests.swift in Sources */,
				52562B6B2585095B006FF4CA /* JsonDataCreator.swift in Sources */,
				52A21FF02585F8FE0035547B /* ImageLoader.swift in Sources */,
				5277A6EE2586F5960039F165 /* ListPreseningAnimatorTests.swift in Sources */,
				52562B1D2583A9D1006FF4CA /* ListViewModelTests.swift in Sources */,
				52A21FD325852C510035547B /* UnsplashRequestTests.swift in Sources */,
				52F528AB2587345400C7B88C /* SearchViewControllerTests.swift in Sources */,
				52A21FE32585DC340035547B /* ImageCacheManagerTests.swift in Sources */,
				52A21FD72585C80C0035547B /* ImageLoadOperationTests.swift in Sources */,
				52CD568D2583145200DA6387 /* ListViewModelStub.swift in Sources */,
				52562B372583D7A4006FF4CA /* ImageLoadOperatorTests.swift in Sources */,
				52A2201D25866BD50035547B /* PageViewModelTests.swift in Sources */,
			);
			runOnlyForDeploymentPostprocessing = 0;
		};
/* End PBXSourcesBuildPhase section */

/* Begin PBXTargetDependency section */
		52AA3486258264E800A61F23 /* PBXTargetDependency */ = {
			isa = PBXTargetDependency;
			target = 52AA346D258264E300A61F23 /* EJUnsplash */;
			targetProxy = 52AA3485258264E800A61F23 /* PBXContainerItemProxy */;
		};
/* End PBXTargetDependency section */

/* Begin PBXVariantGroup section */
		52AA3477258264E300A61F23 /* Main.storyboard */ = {
			isa = PBXVariantGroup;
			children = (
				52AA3478258264E300A61F23 /* Base */,
			);
			name = Main.storyboard;
			sourceTree = "<group>";
		};
		52AA347C258264E700A61F23 /* LaunchScreen.storyboard */ = {
			isa = PBXVariantGroup;
			children = (
				52AA347D258264E700A61F23 /* Base */,
			);
			name = LaunchScreen.storyboard;
			sourceTree = "<group>";
		};
/* End PBXVariantGroup section */

/* Begin XCBuildConfiguration section */
		52AA3496258264E800A61F23 /* Debug */ = {
			isa = XCBuildConfiguration;
			buildSettings = {
				ALWAYS_SEARCH_USER_PATHS = NO;
				CLANG_ANALYZER_NONNULL = YES;
				CLANG_ANALYZER_NUMBER_OBJECT_CONVERSION = YES_AGGRESSIVE;
				CLANG_CXX_LANGUAGE_STANDARD = "gnu++14";
				CLANG_CXX_LIBRARY = "libc++";
				CLANG_ENABLE_MODULES = YES;
				CLANG_ENABLE_OBJC_ARC = YES;
				CLANG_ENABLE_OBJC_WEAK = YES;
				CLANG_WARN_BLOCK_CAPTURE_AUTORELEASING = YES;
				CLANG_WARN_BOOL_CONVERSION = YES;
				CLANG_WARN_COMMA = YES;
				CLANG_WARN_CONSTANT_CONVERSION = YES;
				CLANG_WARN_DEPRECATED_OBJC_IMPLEMENTATIONS = YES;
				CLANG_WARN_DIRECT_OBJC_ISA_USAGE = YES_ERROR;
				CLANG_WARN_DOCUMENTATION_COMMENTS = YES;
				CLANG_WARN_EMPTY_BODY = YES;
				CLANG_WARN_ENUM_CONVERSION = YES;
				CLANG_WARN_INFINITE_RECURSION = YES;
				CLANG_WARN_INT_CONVERSION = YES;
				CLANG_WARN_NON_LITERAL_NULL_CONVERSION = YES;
				CLANG_WARN_OBJC_IMPLICIT_RETAIN_SELF = YES;
				CLANG_WARN_OBJC_LITERAL_CONVERSION = YES;
				CLANG_WARN_OBJC_ROOT_CLASS = YES_ERROR;
				CLANG_WARN_QUOTED_INCLUDE_IN_FRAMEWORK_HEADER = YES;
				CLANG_WARN_RANGE_LOOP_ANALYSIS = YES;
				CLANG_WARN_STRICT_PROTOTYPES = YES;
				CLANG_WARN_SUSPICIOUS_MOVE = YES;
				CLANG_WARN_UNGUARDED_AVAILABILITY = YES_AGGRESSIVE;
				CLANG_WARN_UNREACHABLE_CODE = YES;
				CLANG_WARN__DUPLICATE_METHOD_MATCH = YES;
				COPY_PHASE_STRIP = NO;
				DEBUG_INFORMATION_FORMAT = dwarf;
				ENABLE_STRICT_OBJC_MSGSEND = YES;
				ENABLE_TESTABILITY = YES;
				GCC_C_LANGUAGE_STANDARD = gnu11;
				GCC_DYNAMIC_NO_PIC = NO;
				GCC_NO_COMMON_BLOCKS = YES;
				GCC_OPTIMIZATION_LEVEL = 0;
				GCC_PREPROCESSOR_DEFINITIONS = (
					"DEBUG=1",
					"$(inherited)",
				);
				GCC_WARN_64_TO_32_BIT_CONVERSION = YES;
				GCC_WARN_ABOUT_RETURN_TYPE = YES_ERROR;
				GCC_WARN_UNDECLARED_SELECTOR = YES;
				GCC_WARN_UNINITIALIZED_AUTOS = YES_AGGRESSIVE;
				GCC_WARN_UNUSED_FUNCTION = YES;
				GCC_WARN_UNUSED_VARIABLE = YES;
				IPHONEOS_DEPLOYMENT_TARGET = 12.0;
				MTL_ENABLE_DEBUG_INFO = INCLUDE_SOURCE;
				MTL_FAST_MATH = YES;
				ONLY_ACTIVE_ARCH = YES;
				SDKROOT = iphoneos;
				SWIFT_ACTIVE_COMPILATION_CONDITIONS = DEBUG;
				SWIFT_OPTIMIZATION_LEVEL = "-Onone";
			};
			name = Debug;
		};
		52AA3497258264E800A61F23 /* Release */ = {
			isa = XCBuildConfiguration;
			buildSettings = {
				ALWAYS_SEARCH_USER_PATHS = NO;
				CLANG_ANALYZER_NONNULL = YES;
				CLANG_ANALYZER_NUMBER_OBJECT_CONVERSION = YES_AGGRESSIVE;
				CLANG_CXX_LANGUAGE_STANDARD = "gnu++14";
				CLANG_CXX_LIBRARY = "libc++";
				CLANG_ENABLE_MODULES = YES;
				CLANG_ENABLE_OBJC_ARC = YES;
				CLANG_ENABLE_OBJC_WEAK = YES;
				CLANG_WARN_BLOCK_CAPTURE_AUTORELEASING = YES;
				CLANG_WARN_BOOL_CONVERSION = YES;
				CLANG_WARN_COMMA = YES;
				CLANG_WARN_CONSTANT_CONVERSION = YES;
				CLANG_WARN_DEPRECATED_OBJC_IMPLEMENTATIONS = YES;
				CLANG_WARN_DIRECT_OBJC_ISA_USAGE = YES_ERROR;
				CLANG_WARN_DOCUMENTATION_COMMENTS = YES;
				CLANG_WARN_EMPTY_BODY = YES;
				CLANG_WARN_ENUM_CONVERSION = YES;
				CLANG_WARN_INFINITE_RECURSION = YES;
				CLANG_WARN_INT_CONVERSION = YES;
				CLANG_WARN_NON_LITERAL_NULL_CONVERSION = YES;
				CLANG_WARN_OBJC_IMPLICIT_RETAIN_SELF = YES;
				CLANG_WARN_OBJC_LITERAL_CONVERSION = YES;
				CLANG_WARN_OBJC_ROOT_CLASS = YES_ERROR;
				CLANG_WARN_QUOTED_INCLUDE_IN_FRAMEWORK_HEADER = YES;
				CLANG_WARN_RANGE_LOOP_ANALYSIS = YES;
				CLANG_WARN_STRICT_PROTOTYPES = YES;
				CLANG_WARN_SUSPICIOUS_MOVE = YES;
				CLANG_WARN_UNGUARDED_AVAILABILITY = YES_AGGRESSIVE;
				CLANG_WARN_UNREACHABLE_CODE = YES;
				CLANG_WARN__DUPLICATE_METHOD_MATCH = YES;
				COPY_PHASE_STRIP = NO;
				DEBUG_INFORMATION_FORMAT = "dwarf-with-dsym";
				ENABLE_NS_ASSERTIONS = NO;
				ENABLE_STRICT_OBJC_MSGSEND = YES;
				GCC_C_LANGUAGE_STANDARD = gnu11;
				GCC_NO_COMMON_BLOCKS = YES;
				GCC_WARN_64_TO_32_BIT_CONVERSION = YES;
				GCC_WARN_ABOUT_RETURN_TYPE = YES_ERROR;
				GCC_WARN_UNDECLARED_SELECTOR = YES;
				GCC_WARN_UNINITIALIZED_AUTOS = YES_AGGRESSIVE;
				GCC_WARN_UNUSED_FUNCTION = YES;
				GCC_WARN_UNUSED_VARIABLE = YES;
				IPHONEOS_DEPLOYMENT_TARGET = 12.0;
				MTL_ENABLE_DEBUG_INFO = NO;
				MTL_FAST_MATH = YES;
				SDKROOT = iphoneos;
				SWIFT_COMPILATION_MODE = wholemodule;
				SWIFT_OPTIMIZATION_LEVEL = "-O";
				VALIDATE_PRODUCT = YES;
			};
			name = Release;
		};
		52AA3499258264E800A61F23 /* Debug */ = {
			isa = XCBuildConfiguration;
			buildSettings = {
				ASSETCATALOG_COMPILER_APPICON_NAME = AppIcon;
				ASSETCATALOG_COMPILER_GLOBAL_ACCENT_COLOR_NAME = AccentColor;
				CODE_SIGN_STYLE = Automatic;
				DEVELOPMENT_TEAM = 88VJWBTHV2;
				INFOPLIST_FILE = EJUnsplash/Info.plist;
				LD_RUNPATH_SEARCH_PATHS = (
					"$(inherited)",
					"@executable_path/Frameworks",
				);
				PRODUCT_BUNDLE_IDENTIFIER = com.johnkim.EJUnsplash;
				PRODUCT_NAME = "$(TARGET_NAME)";
				SWIFT_VERSION = 5.0;
				TARGETED_DEVICE_FAMILY = "1,2";
			};
			name = Debug;
		};
		52AA349A258264E800A61F23 /* Release */ = {
			isa = XCBuildConfiguration;
			buildSettings = {
				ASSETCATALOG_COMPILER_APPICON_NAME = AppIcon;
				ASSETCATALOG_COMPILER_GLOBAL_ACCENT_COLOR_NAME = AccentColor;
				CODE_SIGN_STYLE = Automatic;
				DEVELOPMENT_TEAM = 88VJWBTHV2;
				INFOPLIST_FILE = EJUnsplash/Info.plist;
				LD_RUNPATH_SEARCH_PATHS = (
					"$(inherited)",
					"@executable_path/Frameworks",
				);
				PRODUCT_BUNDLE_IDENTIFIER = com.johnkim.EJUnsplash;
				PRODUCT_NAME = "$(TARGET_NAME)";
				SWIFT_VERSION = 5.0;
				TARGETED_DEVICE_FAMILY = "1,2";
			};
			name = Release;
		};
		52AA349C258264E800A61F23 /* Debug */ = {
			isa = XCBuildConfiguration;
			buildSettings = {
				ALWAYS_EMBED_SWIFT_STANDARD_LIBRARIES = YES;
				BUNDLE_LOADER = "$(TEST_HOST)";
				CODE_SIGN_STYLE = Automatic;
				DEVELOPMENT_TEAM = 88VJWBTHV2;
				INFOPLIST_FILE = EJUnsplashTests/Info.plist;
				IPHONEOS_DEPLOYMENT_TARGET = 14.2;
				LD_RUNPATH_SEARCH_PATHS = (
					"$(inherited)",
					"@executable_path/Frameworks",
					"@loader_path/Frameworks",
				);
				PRODUCT_BUNDLE_IDENTIFIER = com.johnkim.EJUnsplashTests;
				PRODUCT_NAME = "$(TARGET_NAME)";
				SWIFT_VERSION = 5.0;
				TARGETED_DEVICE_FAMILY = "1,2";
				TEST_HOST = "$(BUILT_PRODUCTS_DIR)/EJUnsplash.app/EJUnsplash";
			};
			name = Debug;
		};
		52AA349D258264E800A61F23 /* Release */ = {
			isa = XCBuildConfiguration;
			buildSettings = {
				ALWAYS_EMBED_SWIFT_STANDARD_LIBRARIES = YES;
				BUNDLE_LOADER = "$(TEST_HOST)";
				CODE_SIGN_STYLE = Automatic;
				DEVELOPMENT_TEAM = 88VJWBTHV2;
				INFOPLIST_FILE = EJUnsplashTests/Info.plist;
				IPHONEOS_DEPLOYMENT_TARGET = 14.2;
				LD_RUNPATH_SEARCH_PATHS = (
					"$(inherited)",
					"@executable_path/Frameworks",
					"@loader_path/Frameworks",
				);
				PRODUCT_BUNDLE_IDENTIFIER = com.johnkim.EJUnsplashTests;
				PRODUCT_NAME = "$(TARGET_NAME)";
				SWIFT_VERSION = 5.0;
				TARGETED_DEVICE_FAMILY = "1,2";
				TEST_HOST = "$(BUILT_PRODUCTS_DIR)/EJUnsplash.app/EJUnsplash";
			};
			name = Release;
		};
/* End XCBuildConfiguration section */

/* Begin XCConfigurationList section */
		52AA3469258264E300A61F23 /* Build configuration list for PBXProject "EJUnsplash" */ = {
			isa = XCConfigurationList;
			buildConfigurations = (
				52AA3496258264E800A61F23 /* Debug */,
				52AA3497258264E800A61F23 /* Release */,
			);
			defaultConfigurationIsVisible = 0;
			defaultConfigurationName = Release;
		};
		52AA3498258264E800A61F23 /* Build configuration list for PBXNativeTarget "EJUnsplash" */ = {
			isa = XCConfigurationList;
			buildConfigurations = (
				52AA3499258264E800A61F23 /* Debug */,
				52AA349A258264E800A61F23 /* Release */,
			);
			defaultConfigurationIsVisible = 0;
			defaultConfigurationName = Release;
		};
		52AA349B258264E800A61F23 /* Build configuration list for PBXNativeTarget "EJUnsplashTests" */ = {
			isa = XCConfigurationList;
			buildConfigurations = (
				52AA349C258264E800A61F23 /* Debug */,
				52AA349D258264E800A61F23 /* Release */,
			);
			defaultConfigurationIsVisible = 0;
			defaultConfigurationName = Release;
		};
/* End XCConfigurationList section */
	};
	rootObject = 52AA3466258264E300A61F23 /* Project object */;
}
